
Microsoft Visual Studio Solution File, Format Version 12.00
# Visual Studio Version 17
VisualStudioVersion = 17.0.31903.59
MinimumVisualStudioVersion = 10.0.40219.1
Project("{9A19103F-16F7-4668-BE54-9A1E7A4F7556}") = "SportNews", "SportNews.csproj", "{7028523B-7678-4EEA-BC7A-3DD9A5B3D1A8}"
EndProject
Global
	GlobalSection(SolutionConfigurationPlatforms) = preSolution
		Debug|Any CPU = Debug|Any CPU
		Release|Any CPU = Release|Any CPU
	EndGlobalSection
	GlobalSection(ProjectConfigurationPlatforms) = postSolution
		{7028523B-7678-4EEA-BC7A-3DD9A5B3D1A8}.Debug|Any CPU.ActiveCfg = Debug|Any CPU
		{7028523B-7678-4EEA-BC7A-3DD9A5B3D1A8}.Debug|Any CPU.Build.0 = Debug|Any CPU
		{7028523B-7678-4EEA-BC7A-3DD9A5B3D1A8}.Release|Any CPU.ActiveCfg = Release|Any CPU
		{7028523B-7678-4EEA-BC7A-3DD9A5B3D1A8}.Release|Any CPU.Build.0 = Release|Any CPU
	EndGlobalSection
	GlobalSection(SolutionProperties) = preSolution
		HideSolutionNode = FALSE
	EndGlobalSection
	GlobalSection(ExtensibilityGlobals) = postSolution
		SolutionGuid = {982A45FB-3482-43C9-80E6-8D4185B194DA}
	EndGlobalSection
EndGlobal
